
Microsoft Visual Studio Solution File, Format Version 12.00
# Visual Studio 15
VisualStudioVersion = 15.0.27004.2002
MinimumVisualStudioVersion = 10.0.40219.1
Project("{FAE04EC0-301F-11D3-BF4B-00C04F79EFBC}") = "AloMundo", "AloMundo\AloMundo.csproj", "{7B33D619-BDFD-40F0-AED1-D7327BE2E10C}"
EndProject
Project("{FAE04EC0-301F-11D3-BF4B-00C04F79EFBC}") = "InteracaoUsuario", "InteracaoUsuario\InteracaoUsuario.csproj", "{7B5E9603-4015-4EFC-8E15-6C5D827256DE}"
EndProject
Project("{FAE04EC0-301F-11D3-BF4B-00C04F79EFBC}") = "CalculaIdade", "CalculaIdade\CalculaIdade.csproj", "{6A8A34C3-AF0E-4F08-B70E-17F7B11615C3}"
EndProject
Global
	GlobalSection(SolutionConfigurationPlatforms) = preSolution
		Debug|Any CPU = Debug|Any CPU
		Release|Any CPU = Release|Any CPU
	EndGlobalSection
	GlobalSection(ProjectConfigurationPlatforms) = postSolution
		{7B33D619-BDFD-40F0-AED1-D7327BE2E10C}.Debug|Any CPU.ActiveCfg = Debug|Any CPU
		{7B33D619-BDFD-40F0-AED1-D7327BE2E10C}.Debug|Any CPU.Build.0 = Debug|Any CPU
		{7B33D619-BDFD-40F0-AED1-D7327BE2E10C}.Release|Any CPU.ActiveCfg = Release|Any CPU
		{7B33D619-BDFD-40F0-AED1-D7327BE2E10C}.Release|Any CPU.Build.0 = Release|Any CPU
		{7B5E9603-4015-4EFC-8E15-6C5D827256DE}.Debug|Any CPU.ActiveCfg = Debug|Any CPU
		{7B5E9603-4015-4EFC-8E15-6C5D827256DE}.Debug|Any CPU.Build.0 = Debug|Any CPU
		{7B5E9603-4015-4EFC-8E15-6C5D827256DE}.Release|Any CPU.ActiveCfg = Release|Any CPU
		{7B5E9603-4015-4EFC-8E15-6C5D827256DE}.Release|Any CPU.Build.0 = Release|Any CPU
		{6A8A34C3-AF0E-4F08-B70E-17F7B11615C3}.Debug|Any CPU.ActiveCfg = Debug|Any CPU
		{6A8A34C3-AF0E-4F08-B70E-17F7B11615C3}.Debug|Any CPU.Build.0 = Debug|Any CPU
		{6A8A34C3-AF0E-4F08-B70E-17F7B11615C3}.Release|Any CPU.ActiveCfg = Release|Any CPU
		{6A8A34C3-AF0E-4F08-B70E-17F7B11615C3}.Release|Any CPU.Build.0 = Release|Any CPU
	EndGlobalSection
	GlobalSection(SolutionProperties) = preSolution
		HideSolutionNode = FALSE
	EndGlobalSection
	GlobalSection(ExtensibilityGlobals) = postSolution
		SolutionGuid = {2829ACCB-46BB-4C07-BD82-51A5CEF35191}
	EndGlobalSection
EndGlobal
